
Microsoft Visual Studio Solution File, Format Version 12.00
# Visual Studio Version 17
VisualStudioVersion = 17.8.34525.116
MinimumVisualStudioVersion = 10.0.40219.1
Project("{FAE04EC0-301F-11D3-BF4B-00C04F79EFBC}") = "ProjetoNadador", "ProjetoNadador\ProjetoNadador.csproj", "{DB2AAE1B-59BE-4F9C-A1FE-96A5ED961197}"
EndProject
Global
	GlobalSection(SolutionConfigurationPlatforms) = preSolution
		Debug|Any CPU = Debug|Any CPU
		Release|Any CPU = Release|Any CPU
	EndGlobalSection
	GlobalSection(ProjectConfigurationPlatforms) = postSolution
		{DB2AAE1B-59BE-4F9C-A1FE-96A5ED961197}.Debug|Any CPU.ActiveCfg = Debug|Any CPU
		{DB2AAE1B-59BE-4F9C-A1FE-96A5ED961197}.Debug|Any CPU.Build.0 = Debug|Any CPU
		{DB2AAE1B-59BE-4F9C-A1FE-96A5ED961197}.Release|Any CPU.ActiveCfg = Release|Any CPU
		{DB2AAE1B-59BE-4F9C-A1FE-96A5ED961197}.Release|Any CPU.Build.0 = Release|Any CPU
	EndGlobalSection
	GlobalSection(SolutionProperties) = preSolution
		HideSolutionNode = FALSE
	EndGlobalSection
	GlobalSection(ExtensibilityGlobals) = postSolution
		SolutionGuid = {23955BA4-4649-45EA-8CD9-ADF3B38DDC0E}
	EndGlobalSection
EndGlobal
